
Microsoft Visual Studio Solution File, Format Version 12.00
# Visual Studio Version 17
VisualStudioVersion = 17.4.33103.184
MinimumVisualStudioVersion = 10.0.40219.1
Project("{8BC9CEB8-8B4A-11D0-8D11-00A0C91BC942}") = "VBD221_OOP", "VBD221_OOP\VBD221_OOP.vcxproj", "{40FE301F-B28D-4A98-93D4-2EB9683C7DC4}"
EndProject
Global
	GlobalSection(SolutionConfigurationPlatforms) = preSolution
		Debug|x64 = Debug|x64
		Debug|x86 = Debug|x86
		Release|x64 = Release|x64
		Release|x86 = Release|x86
	EndGlobalSection
	GlobalSection(ProjectConfigurationPlatforms) = postSolution
		{40FE301F-B28D-4A98-93D4-2EB9683C7DC4}.Debug|x64.ActiveCfg = Debug|x64
		{40FE301F-B28D-4A98-93D4-2EB9683C7DC4}.Debug|x64.Build.0 = Debug|x64
		{40FE301F-B28D-4A98-93D4-2EB9683C7DC4}.Debug|x86.ActiveCfg = Debug|Win32
		{40FE301F-B28D-4A98-93D4-2EB9683C7DC4}.Debug|x86.Build.0 = Debug|Win32
		{40FE301F-B28D-4A98-93D4-2EB9683C7DC4}.Release|x64.ActiveCfg = Release|x64
		{40FE301F-B28D-4A98-93D4-2EB9683C7DC4}.Release|x64.Build.0 = Release|x64
		{40FE301F-B28D-4A98-93D4-2EB9683C7DC4}.Release|x86.ActiveCfg = Release|Win32
		{40FE301F-B28D-4A98-93D4-2EB9683C7DC4}.Release|x86.Build.0 = Release|Win32
	EndGlobalSection
	GlobalSection(SolutionProperties) = preSolution
		HideSolutionNode = FALSE
	EndGlobalSection
	GlobalSection(ExtensibilityGlobals) = postSolution
		SolutionGuid = {F2808D79-5C8E-4361-B96D-80DA6378DFE4}
	EndGlobalSection
EndGlobal
